{
  "requires": true,
  "lockfileVersion": 1,
  "dependencies": {
    "esbuild": {
      "version": "0.8.29",
      "resolved": "https://registry.npmjs.org/esbuild/-/esbuild-0.8.29.tgz",
      "integrity": "sha512-UDsEoeXuctVgG2hEts1Hwq2jYDGqV7nksEHEZaiCy2v+lXF5ButX4ErPAJAFi5ZNKKW+6Pom93pArV7hki6HnQ=="
    }
  }
}
